
Microsoft Visual Studio Solution File, Format Version 12.00
# Visual Studio 15
VisualStudioVersion = 15.0.28307.271
MinimumVisualStudioVersion = 10.0.40219.1
Project("{FAE04EC0-301F-11D3-BF4B-00C04F79EFBC}") = "BankManagementSystem", "BankManagementSystem\BankManagementSystem.csproj", "{F37591ED-9C82-4315-B38A-57C4BC36CC44}"
EndProject
Global
	GlobalSection(SolutionConfigurationPlatforms) = preSolution
		Debug|Any CPU = Debug|Any CPU
		Release|Any CPU = Release|Any CPU
	EndGlobalSection
	GlobalSection(ProjectConfigurationPlatforms) = postSolution
		{F37591ED-9C82-4315-B38A-57C4BC36CC44}.Debug|Any CPU.ActiveCfg = Debug|Any CPU
		{F37591ED-9C82-4315-B38A-57C4BC36CC44}.Debug|Any CPU.Build.0 = Debug|Any CPU
		{F37591ED-9C82-4315-B38A-57C4BC36CC44}.Release|Any CPU.ActiveCfg = Release|Any CPU
		{F37591ED-9C82-4315-B38A-57C4BC36CC44}.Release|Any CPU.Build.0 = Release|Any CPU
	EndGlobalSection
	GlobalSection(SolutionProperties) = preSolution
		HideSolutionNode = FALSE
	EndGlobalSection
	GlobalSection(ExtensibilityGlobals) = postSolution
		SolutionGuid = {5F4532DE-6715-4D06-A1EC-2A183063E6F2}
	EndGlobalSection
EndGlobal
