
Microsoft Visual Studio Solution File, Format Version 12.00
# Visual Studio 15
VisualStudioVersion = 15.0.28307.271
MinimumVisualStudioVersion = 10.0.40219.1
Project("{9A19103F-16F7-4668-BE54-9A1E7A4F7556}") = "BankManagementSystem.Models", "BankManagementSystem.Models\BankManagementSystem.Models.csproj", "{20509B6E-4361-46A5-9B07-D3B6A0880362}"
EndProject
Project("{9A19103F-16F7-4668-BE54-9A1E7A4F7556}") = "BankManagementSystem.Web", "BankManagementSystem.Web\BankManagementSystem.Web.csproj", "{77ADBB7B-98A1-4E55-8313-89EAEE4CE1F8}"
EndProject
Project("{9A19103F-16F7-4668-BE54-9A1E7A4F7556}") = "BankManagementSystem.Data", "BankManagementSystem.Data\BankManagementSystem.Data.csproj", "{CDEF8B99-8C06-40AD-9DA2-D980977111D2}"
EndProject
Project("{FAE04EC0-301F-11D3-BF4B-00C04F79EFBC}") = "BankManagementSystem.Common", "BankManagementSystem.Common\BankManagementSystem.Common.csproj", "{07B2B343-1E5D-44D5-BD65-B006403AE8BE}"
EndProject
Project("{FAE04EC0-301F-11D3-BF4B-00C04F79EFBC}") = "BankManagementSystem.Services", "BankManagementSystem.Services\BankManagementSystem.Services.csproj", "{89F0D75C-587F-4174-B9C4-6364F1003DA7}"
EndProject
Global
	GlobalSection(SolutionConfigurationPlatforms) = preSolution
		Debug|Any CPU = Debug|Any CPU
		Release|Any CPU = Release|Any CPU
	EndGlobalSection
	GlobalSection(ProjectConfigurationPlatforms) = postSolution
		{20509B6E-4361-46A5-9B07-D3B6A0880362}.Debug|Any CPU.ActiveCfg = Debug|Any CPU
		{20509B6E-4361-46A5-9B07-D3B6A0880362}.Debug|Any CPU.Build.0 = Debug|Any CPU
		{20509B6E-4361-46A5-9B07-D3B6A0880362}.Release|Any CPU.ActiveCfg = Release|Any CPU
		{20509B6E-4361-46A5-9B07-D3B6A0880362}.Release|Any CPU.Build.0 = Release|Any CPU
		{77ADBB7B-98A1-4E55-8313-89EAEE4CE1F8}.Debug|Any CPU.ActiveCfg = Debug|Any CPU
		{77ADBB7B-98A1-4E55-8313-89EAEE4CE1F8}.Debug|Any CPU.Build.0 = Debug|Any CPU
		{77ADBB7B-98A1-4E55-8313-89EAEE4CE1F8}.Release|Any CPU.ActiveCfg = Release|Any CPU
		{77ADBB7B-98A1-4E55-8313-89EAEE4CE1F8}.Release|Any CPU.Build.0 = Release|Any CPU
		{CDEF8B99-8C06-40AD-9DA2-D980977111D2}.Debug|Any CPU.ActiveCfg = Debug|Any CPU
		{CDEF8B99-8C06-40AD-9DA2-D980977111D2}.Debug|Any CPU.Build.0 = Debug|Any CPU
		{CDEF8B99-8C06-40AD-9DA2-D980977111D2}.Release|Any CPU.ActiveCfg = Release|Any CPU
		{CDEF8B99-8C06-40AD-9DA2-D980977111D2}.Release|Any CPU.Build.0 = Release|Any CPU
		{07B2B343-1E5D-44D5-BD65-B006403AE8BE}.Debug|Any CPU.ActiveCfg = Debug|Any CPU
		{07B2B343-1E5D-44D5-BD65-B006403AE8BE}.Debug|Any CPU.Build.0 = Debug|Any CPU
		{07B2B343-1E5D-44D5-BD65-B006403AE8BE}.Release|Any CPU.ActiveCfg = Release|Any CPU
		{07B2B343-1E5D-44D5-BD65-B006403AE8BE}.Release|Any CPU.Build.0 = Release|Any CPU
		{89F0D75C-587F-4174-B9C4-6364F1003DA7}.Debug|Any CPU.ActiveCfg = Debug|Any CPU
		{89F0D75C-587F-4174-B9C4-6364F1003DA7}.Debug|Any CPU.Build.0 = Debug|Any CPU
		{89F0D75C-587F-4174-B9C4-6364F1003DA7}.Release|Any CPU.ActiveCfg = Release|Any CPU
		{89F0D75C-587F-4174-B9C4-6364F1003DA7}.Release|Any CPU.Build.0 = Release|Any CPU
	EndGlobalSection
	GlobalSection(SolutionProperties) = preSolution
		HideSolutionNode = FALSE
	EndGlobalSection
	GlobalSection(ExtensibilityGlobals) = postSolution
		SolutionGuid = {5F4532DE-6715-4D06-A1EC-2A183063E6F2}
	EndGlobalSection
EndGlobal
